
Microsoft Visual Studio Solution File, Format Version 12.00
# Visual Studio Version 16
VisualStudioVersion = 16.0.30128.74
MinimumVisualStudioVersion = 10.0.40219.1
Project("{FAE04EC0-301F-11D3-BF4B-00C04F79EFBC}") = "TinyAppsProject", "TinyAppsProject\TinyAppsProject.csproj", "{0F22B89E-7B18-4DA6-AADB-57179C3E8C3D}"
EndProject
Global
	GlobalSection(SolutionConfigurationPlatforms) = preSolution
		Debug|Any CPU = Debug|Any CPU
		Release|Any CPU = Release|Any CPU
	EndGlobalSection
	GlobalSection(ProjectConfigurationPlatforms) = postSolution
		{0F22B89E-7B18-4DA6-AADB-57179C3E8C3D}.Debug|Any CPU.ActiveCfg = Debug|Any CPU
		{0F22B89E-7B18-4DA6-AADB-57179C3E8C3D}.Debug|Any CPU.Build.0 = Debug|Any CPU
		{0F22B89E-7B18-4DA6-AADB-57179C3E8C3D}.Release|Any CPU.ActiveCfg = Release|Any CPU
		{0F22B89E-7B18-4DA6-AADB-57179C3E8C3D}.Release|Any CPU.Build.0 = Release|Any CPU
	EndGlobalSection
	GlobalSection(SolutionProperties) = preSolution
		HideSolutionNode = FALSE
	EndGlobalSection
	GlobalSection(ExtensibilityGlobals) = postSolution
		SolutionGuid = {EE3FBE43-5505-44BC-AFF7-A65760F63CA1}
	EndGlobalSection
EndGlobal
